
Microsoft Visual Studio Solution File, Format Version 12.00
# Visual Studio Version 17
VisualStudioVersion = 17.8.34511.84
MinimumVisualStudioVersion = 10.0.40219.1
Project("{FAE04EC0-301F-11D3-BF4B-00C04F79EFBC}") = "ProyectoLab_v2", "ProyectoLab_v2\ProyectoLab_v2.csproj", "{821B0AE5-4744-4184-8504-5F6EEE3FC9CA}"
EndProject
Project("{FAE04EC0-301F-11D3-BF4B-00C04F79EFBC}") = "ProyectoLab.DataAccess", "ProyectoLab.DataAccess\ProyectoLab.DataAccess.csproj", "{AFF15F54-E259-45F8-B43E-804F5CEBF460}"
EndProject
Project("{FAE04EC0-301F-11D3-BF4B-00C04F79EFBC}") = "ProyectoLab.Entities", "ProyectoLab.Entities\ProyectoLab.Entities.csproj", "{BCB254D9-01DF-4BF5-8861-E395DF0D2945}"
EndProject
Project("{FAE04EC0-301F-11D3-BF4B-00C04F79EFBC}") = "ProyectoLab.Repositories", "ProyectoLab.Repositories\ProyectoLab.Repositories.csproj", "{2FE27DE6-4B2F-4AFD-9734-5D699983C961}"
EndProject
Global
	GlobalSection(SolutionConfigurationPlatforms) = preSolution
		Debug|Any CPU = Debug|Any CPU
		Release|Any CPU = Release|Any CPU
	EndGlobalSection
	GlobalSection(ProjectConfigurationPlatforms) = postSolution
		{821B0AE5-4744-4184-8504-5F6EEE3FC9CA}.Debug|Any CPU.ActiveCfg = Debug|Any CPU
		{821B0AE5-4744-4184-8504-5F6EEE3FC9CA}.Debug|Any CPU.Build.0 = Debug|Any CPU
		{821B0AE5-4744-4184-8504-5F6EEE3FC9CA}.Release|Any CPU.ActiveCfg = Release|Any CPU
		{821B0AE5-4744-4184-8504-5F6EEE3FC9CA}.Release|Any CPU.Build.0 = Release|Any CPU
		{AFF15F54-E259-45F8-B43E-804F5CEBF460}.Debug|Any CPU.ActiveCfg = Debug|Any CPU
		{AFF15F54-E259-45F8-B43E-804F5CEBF460}.Debug|Any CPU.Build.0 = Debug|Any CPU
		{AFF15F54-E259-45F8-B43E-804F5CEBF460}.Release|Any CPU.ActiveCfg = Release|Any CPU
		{AFF15F54-E259-45F8-B43E-804F5CEBF460}.Release|Any CPU.Build.0 = Release|Any CPU
		{BCB254D9-01DF-4BF5-8861-E395DF0D2945}.Debug|Any CPU.ActiveCfg = Debug|Any CPU
		{BCB254D9-01DF-4BF5-8861-E395DF0D2945}.Debug|Any CPU.Build.0 = Debug|Any CPU
		{BCB254D9-01DF-4BF5-8861-E395DF0D2945}.Release|Any CPU.ActiveCfg = Release|Any CPU
		{BCB254D9-01DF-4BF5-8861-E395DF0D2945}.Release|Any CPU.Build.0 = Release|Any CPU
		{2FE27DE6-4B2F-4AFD-9734-5D699983C961}.Debug|Any CPU.ActiveCfg = Debug|Any CPU
		{2FE27DE6-4B2F-4AFD-9734-5D699983C961}.Debug|Any CPU.Build.0 = Debug|Any CPU
		{2FE27DE6-4B2F-4AFD-9734-5D699983C961}.Release|Any CPU.ActiveCfg = Release|Any CPU
		{2FE27DE6-4B2F-4AFD-9734-5D699983C961}.Release|Any CPU.Build.0 = Release|Any CPU
	EndGlobalSection
	GlobalSection(SolutionProperties) = preSolution
		HideSolutionNode = FALSE
	EndGlobalSection
	GlobalSection(ExtensibilityGlobals) = postSolution
		SolutionGuid = {EAE6EA0A-2DDE-47CD-940F-4BF53209A514}
	EndGlobalSection
EndGlobal
